
Microsoft Visual Studio Solution File, Format Version 11.00
# Visual Studio 2010
Project("{F184B08F-C81C-45F6-A57F-5ABD9991F28F}") = "ServiceApp", "ServiceApp\ServiceApp.vbproj", "{326E9EB6-A565-413F-B139-CD83141C1C65}"
EndProject
Project("{F184B08F-C81C-45F6-A57F-5ABD9991F28F}") = "ConfigurationHelper", "ConfigurationHelper\ConfigurationHelper.vbproj", "{BA06A52E-4906-405B-9371-6843BF6C763C}"
EndProject
Project("{F184B08F-C81C-45F6-A57F-5ABD9991F28F}") = "DatabaseHelper", "DatabaseHelper\DatabaseHelper.vbproj", "{A7F6259E-187F-4D0B-BE62-BE4C29A24215}"
EndProject
Project("{F184B08F-C81C-45F6-A57F-5ABD9991F28F}") = "DatatypeHelper", "DatatypeHelper\DatatypeHelper.vbproj", "{9D17C492-A43C-4ADF-A63C-5ACFE22C1E30}"
EndProject
Project("{F184B08F-C81C-45F6-A57F-5ABD9991F28F}") = "SQLHelper", "SQLHelper\SQLHelper.vbproj", "{A2BD2AFC-C763-4103-83BC-2A40AFDD8B07}"
EndProject
Project("{F184B08F-C81C-45F6-A57F-5ABD9991F28F}") = "BusinessObjects", "BusinessObjects\BusinessObjects.vbproj", "{D2DF1C47-4D9A-46AD-9334-3D6C75CA8B3A}"
EndProject
Project("{F184B08F-C81C-45F6-A57F-5ABD9991F28F}") = "FinalServiceApp", "FinalServiceApp\FinalServiceApp.vbproj", "{E699E709-9C8B-4A17-AC98-18C815BD235F}"
EndProject
Global
	GlobalSection(SolutionConfigurationPlatforms) = preSolution
		Debug|Any CPU = Debug|Any CPU
		Debug|Mixed Platforms = Debug|Mixed Platforms
		Debug|x86 = Debug|x86
		Release|Any CPU = Release|Any CPU
		Release|Mixed Platforms = Release|Mixed Platforms
		Release|x86 = Release|x86
	EndGlobalSection
	GlobalSection(ProjectConfigurationPlatforms) = postSolution
		{326E9EB6-A565-413F-B139-CD83141C1C65}.Debug|Any CPU.ActiveCfg = Debug|x86
		{326E9EB6-A565-413F-B139-CD83141C1C65}.Debug|Mixed Platforms.ActiveCfg = Debug|x86
		{326E9EB6-A565-413F-B139-CD83141C1C65}.Debug|Mixed Platforms.Build.0 = Debug|x86
		{326E9EB6-A565-413F-B139-CD83141C1C65}.Debug|x86.ActiveCfg = Debug|x86
		{326E9EB6-A565-413F-B139-CD83141C1C65}.Debug|x86.Build.0 = Debug|x86
		{326E9EB6-A565-413F-B139-CD83141C1C65}.Release|Any CPU.ActiveCfg = Release|x86
		{326E9EB6-A565-413F-B139-CD83141C1C65}.Release|Mixed Platforms.ActiveCfg = Release|x86
		{326E9EB6-A565-413F-B139-CD83141C1C65}.Release|Mixed Platforms.Build.0 = Release|x86
		{326E9EB6-A565-413F-B139-CD83141C1C65}.Release|x86.ActiveCfg = Release|x86
		{326E9EB6-A565-413F-B139-CD83141C1C65}.Release|x86.Build.0 = Release|x86
		{BA06A52E-4906-405B-9371-6843BF6C763C}.Debug|Any CPU.ActiveCfg = Debug|Any CPU
		{BA06A52E-4906-405B-9371-6843BF6C763C}.Debug|Any CPU.Build.0 = Debug|Any CPU
		{BA06A52E-4906-405B-9371-6843BF6C763C}.Debug|Mixed Platforms.ActiveCfg = Debug|Any CPU
		{BA06A52E-4906-405B-9371-6843BF6C763C}.Debug|Mixed Platforms.Build.0 = Debug|Any CPU
		{BA06A52E-4906-405B-9371-6843BF6C763C}.Debug|x86.ActiveCfg = Debug|Any CPU
		{BA06A52E-4906-405B-9371-6843BF6C763C}.Release|Any CPU.ActiveCfg = Release|Any CPU
		{BA06A52E-4906-405B-9371-6843BF6C763C}.Release|Any CPU.Build.0 = Release|Any CPU
		{BA06A52E-4906-405B-9371-6843BF6C763C}.Release|Mixed Platforms.ActiveCfg = Release|Any CPU
		{BA06A52E-4906-405B-9371-6843BF6C763C}.Release|Mixed Platforms.Build.0 = Release|Any CPU
		{BA06A52E-4906-405B-9371-6843BF6C763C}.Release|x86.ActiveCfg = Release|Any CPU
		{A7F6259E-187F-4D0B-BE62-BE4C29A24215}.Debug|Any CPU.ActiveCfg = Debug|Any CPU
		{A7F6259E-187F-4D0B-BE62-BE4C29A24215}.Debug|Any CPU.Build.0 = Debug|Any CPU
		{A7F6259E-187F-4D0B-BE62-BE4C29A24215}.Debug|Mixed Platforms.ActiveCfg = Debug|Any CPU
		{A7F6259E-187F-4D0B-BE62-BE4C29A24215}.Debug|Mixed Platforms.Build.0 = Debug|Any CPU
		{A7F6259E-187F-4D0B-BE62-BE4C29A24215}.Debug|x86.ActiveCfg = Debug|Any CPU
		{A7F6259E-187F-4D0B-BE62-BE4C29A24215}.Release|Any CPU.ActiveCfg = Release|Any CPU
		{A7F6259E-187F-4D0B-BE62-BE4C29A24215}.Release|Any CPU.Build.0 = Release|Any CPU
		{A7F6259E-187F-4D0B-BE62-BE4C29A24215}.Release|Mixed Platforms.ActiveCfg = Release|Any CPU
		{A7F6259E-187F-4D0B-BE62-BE4C29A24215}.Release|Mixed Platforms.Build.0 = Release|Any CPU
		{A7F6259E-187F-4D0B-BE62-BE4C29A24215}.Release|x86.ActiveCfg = Release|Any CPU
		{9D17C492-A43C-4ADF-A63C-5ACFE22C1E30}.Debug|Any CPU.ActiveCfg = Debug|Any CPU
		{9D17C492-A43C-4ADF-A63C-5ACFE22C1E30}.Debug|Any CPU.Build.0 = Debug|Any CPU
		{9D17C492-A43C-4ADF-A63C-5ACFE22C1E30}.Debug|Mixed Platforms.ActiveCfg = Debug|Any CPU
		{9D17C492-A43C-4ADF-A63C-5ACFE22C1E30}.Debug|Mixed Platforms.Build.0 = Debug|Any CPU
		{9D17C492-A43C-4ADF-A63C-5ACFE22C1E30}.Debug|x86.ActiveCfg = Debug|Any CPU
		{9D17C492-A43C-4ADF-A63C-5ACFE22C1E30}.Release|Any CPU.ActiveCfg = Release|Any CPU
		{9D17C492-A43C-4ADF-A63C-5ACFE22C1E30}.Release|Any CPU.Build.0 = Release|Any CPU
		{9D17C492-A43C-4ADF-A63C-5ACFE22C1E30}.Release|Mixed Platforms.ActiveCfg = Release|Any CPU
		{9D17C492-A43C-4ADF-A63C-5ACFE22C1E30}.Release|Mixed Platforms.Build.0 = Release|Any CPU
		{9D17C492-A43C-4ADF-A63C-5ACFE22C1E30}.Release|x86.ActiveCfg = Release|Any CPU
		{A2BD2AFC-C763-4103-83BC-2A40AFDD8B07}.Debug|Any CPU.ActiveCfg = Debug|Any CPU
		{A2BD2AFC-C763-4103-83BC-2A40AFDD8B07}.Debug|Any CPU.Build.0 = Debug|Any CPU
		{A2BD2AFC-C763-4103-83BC-2A40AFDD8B07}.Debug|Mixed Platforms.ActiveCfg = Debug|Any CPU
		{A2BD2AFC-C763-4103-83BC-2A40AFDD8B07}.Debug|Mixed Platforms.Build.0 = Debug|Any CPU
		{A2BD2AFC-C763-4103-83BC-2A40AFDD8B07}.Debug|x86.ActiveCfg = Debug|Any CPU
		{A2BD2AFC-C763-4103-83BC-2A40AFDD8B07}.Release|Any CPU.ActiveCfg = Release|Any CPU
		{A2BD2AFC-C763-4103-83BC-2A40AFDD8B07}.Release|Any CPU.Build.0 = Release|Any CPU
		{A2BD2AFC-C763-4103-83BC-2A40AFDD8B07}.Release|Mixed Platforms.ActiveCfg = Release|Any CPU
		{A2BD2AFC-C763-4103-83BC-2A40AFDD8B07}.Release|Mixed Platforms.Build.0 = Release|Any CPU
		{A2BD2AFC-C763-4103-83BC-2A40AFDD8B07}.Release|x86.ActiveCfg = Release|Any CPU
		{D2DF1C47-4D9A-46AD-9334-3D6C75CA8B3A}.Debug|Any CPU.ActiveCfg = Debug|x86
		{D2DF1C47-4D9A-46AD-9334-3D6C75CA8B3A}.Debug|Mixed Platforms.ActiveCfg = Debug|x86
		{D2DF1C47-4D9A-46AD-9334-3D6C75CA8B3A}.Debug|Mixed Platforms.Build.0 = Debug|x86
		{D2DF1C47-4D9A-46AD-9334-3D6C75CA8B3A}.Debug|x86.ActiveCfg = Debug|x86
		{D2DF1C47-4D9A-46AD-9334-3D6C75CA8B3A}.Debug|x86.Build.0 = Debug|x86
		{D2DF1C47-4D9A-46AD-9334-3D6C75CA8B3A}.Release|Any CPU.ActiveCfg = Release|x86
		{D2DF1C47-4D9A-46AD-9334-3D6C75CA8B3A}.Release|Mixed Platforms.ActiveCfg = Release|x86
		{D2DF1C47-4D9A-46AD-9334-3D6C75CA8B3A}.Release|Mixed Platforms.Build.0 = Release|x86
		{D2DF1C47-4D9A-46AD-9334-3D6C75CA8B3A}.Release|x86.ActiveCfg = Release|x86
		{D2DF1C47-4D9A-46AD-9334-3D6C75CA8B3A}.Release|x86.Build.0 = Release|x86
		{E699E709-9C8B-4A17-AC98-18C815BD235F}.Debug|Any CPU.ActiveCfg = Debug|x86
		{E699E709-9C8B-4A17-AC98-18C815BD235F}.Debug|Mixed Platforms.ActiveCfg = Debug|x86
		{E699E709-9C8B-4A17-AC98-18C815BD235F}.Debug|Mixed Platforms.Build.0 = Debug|x86
		{E699E709-9C8B-4A17-AC98-18C815BD235F}.Debug|x86.ActiveCfg = Debug|x86
		{E699E709-9C8B-4A17-AC98-18C815BD235F}.Debug|x86.Build.0 = Debug|x86
		{E699E709-9C8B-4A17-AC98-18C815BD235F}.Release|Any CPU.ActiveCfg = Release|x86
		{E699E709-9C8B-4A17-AC98-18C815BD235F}.Release|Mixed Platforms.ActiveCfg = Release|x86
		{E699E709-9C8B-4A17-AC98-18C815BD235F}.Release|Mixed Platforms.Build.0 = Release|x86
		{E699E709-9C8B-4A17-AC98-18C815BD235F}.Release|x86.ActiveCfg = Release|x86
		{E699E709-9C8B-4A17-AC98-18C815BD235F}.Release|x86.Build.0 = Release|x86
	EndGlobalSection
	GlobalSection(SolutionProperties) = preSolution
		HideSolutionNode = FALSE
	EndGlobalSection
EndGlobal
